
Microsoft Visual Studio Solution File, Format Version 12.00
# Visual Studio 15
VisualStudioVersion = 15.0.26430.14
MinimumVisualStudioVersion = 10.0.40219.1
Project("{FAE04EC0-301F-11D3-BF4B-00C04F79EFBC}") = "Inheritance", "Inheritance\Inheritance.csproj", "{597D10F9-1D79-45FC-AF14-327774E7D979}"
EndProject
Project("{FAE04EC0-301F-11D3-BF4B-00C04F79EFBC}") = "Random List", "Random List\Random List.csproj", "{B6417629-70D2-4655-BC93-A7F02B765F15}"
EndProject
Project("{FAE04EC0-301F-11D3-BF4B-00C04F79EFBC}") = "StOfStr", "StOfStr\StOfStr.csproj", "{167BA0E1-DE18-43E0-B72F-6738489E56D4}"
EndProject
Global
	GlobalSection(SolutionConfigurationPlatforms) = preSolution
		Debug|Any CPU = Debug|Any CPU
		Release|Any CPU = Release|Any CPU
	EndGlobalSection
	GlobalSection(ProjectConfigurationPlatforms) = postSolution
		{597D10F9-1D79-45FC-AF14-327774E7D979}.Debug|Any CPU.ActiveCfg = Debug|Any CPU
		{597D10F9-1D79-45FC-AF14-327774E7D979}.Debug|Any CPU.Build.0 = Debug|Any CPU
		{597D10F9-1D79-45FC-AF14-327774E7D979}.Release|Any CPU.ActiveCfg = Release|Any CPU
		{597D10F9-1D79-45FC-AF14-327774E7D979}.Release|Any CPU.Build.0 = Release|Any CPU
		{B6417629-70D2-4655-BC93-A7F02B765F15}.Debug|Any CPU.ActiveCfg = Debug|Any CPU
		{B6417629-70D2-4655-BC93-A7F02B765F15}.Debug|Any CPU.Build.0 = Debug|Any CPU
		{B6417629-70D2-4655-BC93-A7F02B765F15}.Release|Any CPU.ActiveCfg = Release|Any CPU
		{B6417629-70D2-4655-BC93-A7F02B765F15}.Release|Any CPU.Build.0 = Release|Any CPU
		{167BA0E1-DE18-43E0-B72F-6738489E56D4}.Debug|Any CPU.ActiveCfg = Debug|Any CPU
		{167BA0E1-DE18-43E0-B72F-6738489E56D4}.Debug|Any CPU.Build.0 = Debug|Any CPU
		{167BA0E1-DE18-43E0-B72F-6738489E56D4}.Release|Any CPU.ActiveCfg = Release|Any CPU
		{167BA0E1-DE18-43E0-B72F-6738489E56D4}.Release|Any CPU.Build.0 = Release|Any CPU
	EndGlobalSection
	GlobalSection(SolutionProperties) = preSolution
		HideSolutionNode = FALSE
	EndGlobalSection
EndGlobal
